
Microsoft Visual Studio Solution File, Format Version 12.00
# Visual Studio Version 16
VisualStudioVersion = 16.0.31410.357
MinimumVisualStudioVersion = 10.0.40219.1
Project("{FAE04EC0-301F-11D3-BF4B-00C04F79EFBC}") = "RxProcessor", "RxProcessor\RxProcessor.csproj", "{8311696D-6B17-4C2D-8BF3-85B3300B9D28}"
EndProject
Global
	GlobalSection(SolutionConfigurationPlatforms) = preSolution
		Debug|Any CPU = Debug|Any CPU
		Release|Any CPU = Release|Any CPU
	EndGlobalSection
	GlobalSection(ProjectConfigurationPlatforms) = postSolution
		{8311696D-6B17-4C2D-8BF3-85B3300B9D28}.Debug|Any CPU.ActiveCfg = Debug|Any CPU
		{8311696D-6B17-4C2D-8BF3-85B3300B9D28}.Debug|Any CPU.Build.0 = Debug|Any CPU
		{8311696D-6B17-4C2D-8BF3-85B3300B9D28}.Release|Any CPU.ActiveCfg = Release|Any CPU
		{8311696D-6B17-4C2D-8BF3-85B3300B9D28}.Release|Any CPU.Build.0 = Release|Any CPU
	EndGlobalSection
	GlobalSection(SolutionProperties) = preSolution
		HideSolutionNode = FALSE
	EndGlobalSection
	GlobalSection(ExtensibilityGlobals) = postSolution
		SolutionGuid = {95F5F58A-9CC0-40F7-AD82-CD2D746AAB7E}
	EndGlobalSection
EndGlobal
